
Microsoft Visual Studio Solution File, Format Version 12.00
# Visual Studio Version 17
VisualStudioVersion = 17.7.34003.232
MinimumVisualStudioVersion = 10.0.40219.1
Project("{9A19103F-16F7-4668-BE54-9A1E7A4F7556}") = "ExamenProductos", "ExamenProdutos\ExamenProductos.csproj", "{3529DCEE-8A83-4800-AFE2-58B418E72346}"
EndProject
Global
	GlobalSection(SolutionConfigurationPlatforms) = preSolution
		Debug|Any CPU = Debug|Any CPU
		Release|Any CPU = Release|Any CPU
	EndGlobalSection
	GlobalSection(ProjectConfigurationPlatforms) = postSolution
		{3529DCEE-8A83-4800-AFE2-58B418E72346}.Debug|Any CPU.ActiveCfg = Debug|Any CPU
		{3529DCEE-8A83-4800-AFE2-58B418E72346}.Debug|Any CPU.Build.0 = Debug|Any CPU
		{3529DCEE-8A83-4800-AFE2-58B418E72346}.Release|Any CPU.ActiveCfg = Release|Any CPU
		{3529DCEE-8A83-4800-AFE2-58B418E72346}.Release|Any CPU.Build.0 = Release|Any CPU
	EndGlobalSection
	GlobalSection(SolutionProperties) = preSolution
		HideSolutionNode = FALSE
	EndGlobalSection
	GlobalSection(ExtensibilityGlobals) = postSolution
		SolutionGuid = {BB4F9806-EC6B-424E-972F-61FC776C18F9}
	EndGlobalSection
EndGlobal
